
Microsoft Visual Studio Solution File, Format Version 12.00
# Visual Studio Version 17
VisualStudioVersion = 17.8.34525.116
MinimumVisualStudioVersion = 10.0.40219.1
Project("{9A19103F-16F7-4668-BE54-9A1E7A4F7556}") = "DevFreela.API", "DevFreela.API\DevFreela.API.csproj", "{C168FF68-686B-46EE-A88E-853422F5814F}"
EndProject
Project("{FAE04EC0-301F-11D3-BF4B-00C04F79EFBC}") = "DevFreela.Application", "DevFreela.Application\DevFreela.Application.csproj", "{558D4CF9-FC5F-4489-8E03-5F3D8F3A6B5C}"
EndProject
Project("{FAE04EC0-301F-11D3-BF4B-00C04F79EFBC}") = "DevFreela.Infrastructure", "DevFreela.Infrastructure\DevFreela.Infrastructure.csproj", "{38F98022-EB2E-4B60-A2E4-EA2AB6D9B18A}"
EndProject
Project("{FAE04EC0-301F-11D3-BF4B-00C04F79EFBC}") = "DevFreela.Core", "DevFreela.Core\DevFreela.Core.csproj", "{8705CB1E-CD6E-483E-B91C-749BC494386D}"
EndProject
Global
	GlobalSection(SolutionConfigurationPlatforms) = preSolution
		Debug|Any CPU = Debug|Any CPU
		Release|Any CPU = Release|Any CPU
	EndGlobalSection
	GlobalSection(ProjectConfigurationPlatforms) = postSolution
		{C168FF68-686B-46EE-A88E-853422F5814F}.Debug|Any CPU.ActiveCfg = Debug|Any CPU
		{C168FF68-686B-46EE-A88E-853422F5814F}.Debug|Any CPU.Build.0 = Debug|Any CPU
		{C168FF68-686B-46EE-A88E-853422F5814F}.Release|Any CPU.ActiveCfg = Release|Any CPU
		{C168FF68-686B-46EE-A88E-853422F5814F}.Release|Any CPU.Build.0 = Release|Any CPU
		{558D4CF9-FC5F-4489-8E03-5F3D8F3A6B5C}.Debug|Any CPU.ActiveCfg = Debug|Any CPU
		{558D4CF9-FC5F-4489-8E03-5F3D8F3A6B5C}.Debug|Any CPU.Build.0 = Debug|Any CPU
		{558D4CF9-FC5F-4489-8E03-5F3D8F3A6B5C}.Release|Any CPU.ActiveCfg = Release|Any CPU
		{558D4CF9-FC5F-4489-8E03-5F3D8F3A6B5C}.Release|Any CPU.Build.0 = Release|Any CPU
		{38F98022-EB2E-4B60-A2E4-EA2AB6D9B18A}.Debug|Any CPU.ActiveCfg = Debug|Any CPU
		{38F98022-EB2E-4B60-A2E4-EA2AB6D9B18A}.Debug|Any CPU.Build.0 = Debug|Any CPU
		{38F98022-EB2E-4B60-A2E4-EA2AB6D9B18A}.Release|Any CPU.ActiveCfg = Release|Any CPU
		{38F98022-EB2E-4B60-A2E4-EA2AB6D9B18A}.Release|Any CPU.Build.0 = Release|Any CPU
		{8705CB1E-CD6E-483E-B91C-749BC494386D}.Debug|Any CPU.ActiveCfg = Debug|Any CPU
		{8705CB1E-CD6E-483E-B91C-749BC494386D}.Debug|Any CPU.Build.0 = Debug|Any CPU
		{8705CB1E-CD6E-483E-B91C-749BC494386D}.Release|Any CPU.ActiveCfg = Release|Any CPU
		{8705CB1E-CD6E-483E-B91C-749BC494386D}.Release|Any CPU.Build.0 = Release|Any CPU
	EndGlobalSection
	GlobalSection(SolutionProperties) = preSolution
		HideSolutionNode = FALSE
	EndGlobalSection
	GlobalSection(ExtensibilityGlobals) = postSolution
		SolutionGuid = {76E446C7-4A63-4497-A82E-DBF82E74CC49}
	EndGlobalSection
EndGlobal
